
Microsoft Visual Studio Solution File, Format Version 12.00
# Visual Studio Version 16
VisualStudioVersion = 16.0.31515.178
MinimumVisualStudioVersion = 10.0.40219.1
Project("{00D1A9C2-B5F0-4AF3-8072-F6C62B433612}") = "SrcDB", "SrcDB\SrcDB.sqlproj", "{40A7E15E-DCFE-48F2-9B75-8206CBD662AE}"
EndProject
Project("{159641D6-6404-4A2A-AE62-294DE0FE8301}") = "DWH_SSIS", "DWH_SSIS\DWH_SSIS.dtproj", "{2AE93E50-F28C-4E1F-8984-E32D20018ABE}"
EndProject
Project("{00D1A9C2-B5F0-4AF3-8072-F6C62B433612}") = "DWH_DB", "DWH_DB\DWH_DB.sqlproj", "{C36E6825-BCF3-4BB8-B49D-54DC6B16AA41}"
EndProject
Global
	GlobalSection(SolutionConfigurationPlatforms) = preSolution
		Debug|Any CPU = Debug|Any CPU
		Development|Any CPU = Development|Any CPU
		Release|Any CPU = Release|Any CPU
	EndGlobalSection
	GlobalSection(ProjectConfigurationPlatforms) = postSolution
		{40A7E15E-DCFE-48F2-9B75-8206CBD662AE}.Debug|Any CPU.ActiveCfg = Debug|Any CPU
		{40A7E15E-DCFE-48F2-9B75-8206CBD662AE}.Debug|Any CPU.Build.0 = Debug|Any CPU
		{40A7E15E-DCFE-48F2-9B75-8206CBD662AE}.Debug|Any CPU.Deploy.0 = Debug|Any CPU
		{40A7E15E-DCFE-48F2-9B75-8206CBD662AE}.Development|Any CPU.ActiveCfg = Debug|Any CPU
		{40A7E15E-DCFE-48F2-9B75-8206CBD662AE}.Development|Any CPU.Build.0 = Debug|Any CPU
		{40A7E15E-DCFE-48F2-9B75-8206CBD662AE}.Development|Any CPU.Deploy.0 = Debug|Any CPU
		{40A7E15E-DCFE-48F2-9B75-8206CBD662AE}.Release|Any CPU.ActiveCfg = Release|Any CPU
		{40A7E15E-DCFE-48F2-9B75-8206CBD662AE}.Release|Any CPU.Build.0 = Release|Any CPU
		{40A7E15E-DCFE-48F2-9B75-8206CBD662AE}.Release|Any CPU.Deploy.0 = Release|Any CPU
		{2AE93E50-F28C-4E1F-8984-E32D20018ABE}.Debug|Any CPU.ActiveCfg = Development
		{2AE93E50-F28C-4E1F-8984-E32D20018ABE}.Debug|Any CPU.Build.0 = Development
		{2AE93E50-F28C-4E1F-8984-E32D20018ABE}.Development|Any CPU.ActiveCfg = Development
		{2AE93E50-F28C-4E1F-8984-E32D20018ABE}.Development|Any CPU.Build.0 = Development
		{2AE93E50-F28C-4E1F-8984-E32D20018ABE}.Release|Any CPU.ActiveCfg = Development
		{2AE93E50-F28C-4E1F-8984-E32D20018ABE}.Release|Any CPU.Build.0 = Development
		{C36E6825-BCF3-4BB8-B49D-54DC6B16AA41}.Debug|Any CPU.ActiveCfg = Debug|Any CPU
		{C36E6825-BCF3-4BB8-B49D-54DC6B16AA41}.Debug|Any CPU.Build.0 = Debug|Any CPU
		{C36E6825-BCF3-4BB8-B49D-54DC6B16AA41}.Debug|Any CPU.Deploy.0 = Debug|Any CPU
		{C36E6825-BCF3-4BB8-B49D-54DC6B16AA41}.Development|Any CPU.ActiveCfg = Debug|Any CPU
		{C36E6825-BCF3-4BB8-B49D-54DC6B16AA41}.Development|Any CPU.Build.0 = Debug|Any CPU
		{C36E6825-BCF3-4BB8-B49D-54DC6B16AA41}.Development|Any CPU.Deploy.0 = Debug|Any CPU
		{C36E6825-BCF3-4BB8-B49D-54DC6B16AA41}.Release|Any CPU.ActiveCfg = Release|Any CPU
		{C36E6825-BCF3-4BB8-B49D-54DC6B16AA41}.Release|Any CPU.Build.0 = Release|Any CPU
		{C36E6825-BCF3-4BB8-B49D-54DC6B16AA41}.Release|Any CPU.Deploy.0 = Release|Any CPU
	EndGlobalSection
	GlobalSection(SolutionProperties) = preSolution
		HideSolutionNode = FALSE
	EndGlobalSection
	GlobalSection(ExtensibilityGlobals) = postSolution
		SolutionGuid = {3B840B2C-7F70-4277-ADF1-149E5232DFFF}
	EndGlobalSection
EndGlobal
